# Generated by conda-lock.
# platform: win-64
# input_hash: b32347e467cda6a82dfbc312c781fd41d9652cfa902fa06fe7706db7bc013bc2
@EXPLICIT
https://conda.anaconda.org/conda-forge/win-64/ca-certificates-2021.5.30-h5b45459_0.tar.bz2#cfb6380d41af681ad323403f02755a15
https://conda.anaconda.org/conda-forge/noarch/tzdata-2021a-he74cb21_1.tar.bz2#cc5690eb258c3706f754306f191da8d8
https://conda.anaconda.org/conda-forge/win-64/ucrt-10.0.20348.0-h57928b3_0.tar.bz2#6d666b6ea8251231ff508062d1e41f9c
https://conda.anaconda.org/conda-forge/win-64/vs2015_runtime-14.29.30037-h902a5da_5.tar.bz2#9d806b41066c34981a5da22bfeffd8e8
https://conda.anaconda.org/conda-forge/win-64/vc-14.2-hb210afc_5.tar.bz2#ee42529d57c3b455d9fec61e912aa2a6
https://conda.anaconda.org/conda-forge/win-64/openssl-1.1.1l-h8ffe710_0.tar.bz2#07747b2557a7f795585b118bb4f186de
https://conda.anaconda.org/conda-forge/win-64/sqlite-3.36.0-h8ffe710_1.tar.bz2#c624e84730be43b8749535ff5b95db38
https://conda.anaconda.org/conda-forge/win-64/python-3.9.1-h7840368_5_cpython.tar.bz2#a3db20c02a88b7b0f246b69652a6153d
https://conda.anaconda.org/conda-forge/noarch/docopt-0.6.2-py_1.tar.bz2#a9ed63e45579cfef026a916af2bc27c9
https://conda.anaconda.org/conda-forge/noarch/pyparsing-2.4.7-pyh9f0ad1d_0.tar.bz2#626c4f20d5bf06dcec9cf2eaa31725c7
https://conda.anaconda.org/conda-forge/win-64/python_abi-3.9-2_cp39.tar.bz2#757068981fb2f97d0cadbba9ae6ae191
https://conda.anaconda.org/conda-forge/noarch/tomli-1.2.1-pyhd8ed1ab_0.tar.bz2#ea475017070fa78c7e988be634e1322c
https://conda.anaconda.org/conda-forge/noarch/wheel-0.37.0-pyhd8ed1ab_1.tar.bz2#3aa2c3e25dd361b453d010388b9cdff1
https://conda.anaconda.org/conda-forge/noarch/packaging-21.0-pyhd8ed1ab_0.tar.bz2#45cfb8e482b5cce8f07c87e0e19a592c
https://conda.anaconda.org/conda-forge/win-64/pathlib-1.0.1-py39hcbf5309_4.tar.bz2#2920c91023d7ee54903a38179af58af5
https://conda.anaconda.org/conda-forge/win-64/setuptools-58.0.4-py39hcbf5309_0.tar.bz2#a2f927646380a68fa72de3451676f820
https://conda.anaconda.org/conda-forge/noarch/pip-21.2.4-pyhd8ed1ab_0.tar.bz2#4104ada314dd5639ea36cc12bce0a2cd
https://conda.anaconda.org/conda-forge/noarch/setuptools-scm-6.3.1-pyhd8ed1ab_0.tar.bz2#866a02e8fd0573789c53cf333efb51a9
https://conda.anaconda.org/conda-forge/noarch/setuptools_scm-6.3.1-hd8ed1ab_0.tar.bz2#287dea50906f877aa7c619d1f2e585ec
