# Generated by conda-lock.
# platform: win-64
# input_hash: 2d89eab71ce9c1a7a2ed41ab14a871ea63860fd19a558526f66b3e24ae06d03d
@EXPLICIT
https://conda.anaconda.org/conda-forge/win-64/ca-certificates-2021.5.30-h5b45459_0.tar.bz2#cfb6380d41af681ad323403f02755a15
https://conda.anaconda.org/conda-forge/noarch/tzdata-2021b-he74cb21_0.tar.bz2#f8e703a9ca9cb73ffc3f9d81ae2f3a02
https://conda.anaconda.org/conda-forge/win-64/ucrt-10.0.20348.0-h57928b3_0.tar.bz2#6d666b6ea8251231ff508062d1e41f9c
https://conda.anaconda.org/conda-forge/win-64/vs2015_runtime-14.29.30037-h902a5da_5.tar.bz2#9d806b41066c34981a5da22bfeffd8e8
https://conda.anaconda.org/conda-forge/win-64/vc-14.2-hb210afc_5.tar.bz2#ee42529d57c3b455d9fec61e912aa2a6
https://conda.anaconda.org/conda-forge/win-64/openssl-3.0.0-h8ffe710_1.tar.bz2#ee17e64f6cc002dbef834f85c35801a4
https://conda.anaconda.org/conda-forge/win-64/sqlite-3.36.0-h8ffe710_2.tar.bz2#f1ac18aa58268ab10d1b7b4d640243c0
https://conda.anaconda.org/conda-forge/win-64/python-3.9.7-h900ac77_3_cpython.tar.bz2#ff9ff1f4c4dff75e503a3d9ed79df1c3
https://conda.anaconda.org/conda-forge/win-64/python_abi-3.9-2_cp39.tar.bz2#757068981fb2f97d0cadbba9ae6ae191
https://conda.anaconda.org/conda-forge/noarch/wheel-0.37.0-pyhd8ed1ab_1.tar.bz2#3aa2c3e25dd361b453d010388b9cdff1
https://conda.anaconda.org/conda-forge/win-64/pathlib-1.0.1-py39hcbf5309_4.tar.bz2#2920c91023d7ee54903a38179af58af5
https://conda.anaconda.org/conda-forge/win-64/setuptools-58.0.4-py39hcbf5309_2.tar.bz2#bed22ffacfbb82c913547e4ab625d032
https://conda.anaconda.org/conda-forge/noarch/pip-21.2.4-pyhd8ed1ab_0.tar.bz2#4104ada314dd5639ea36cc12bce0a2cd
