# Generated by conda-lock.
# platform: linux-64
# input_hash: ff1f5b750a751744ef6ab11e8447e43ba466280f1de90a5f63eeeaa2170de81a
@EXPLICIT
https://conda.anaconda.org/conda-forge/linux-64/_libgcc_mutex-0.1-conda_forge.tar.bz2#d7c89558ba9fa0495403155b64376d81
https://conda.anaconda.org/conda-forge/linux-64/ca-certificates-2021.5.30-ha878542_0.tar.bz2#6a777890e94194dc94a29a76d2a7e721
https://conda.anaconda.org/conda-forge/linux-64/ld_impl_linux-64-2.36.1-hea4e1c9_2.tar.bz2#bd4f2e711b39af170e7ff15163fe87ee
https://conda.anaconda.org/conda-forge/linux-64/libstdcxx-ng-11.2.0-he4da1e4_9.tar.bz2#a41b94921f55a353a8bbf5bb8d5ca335
https://conda.anaconda.org/conda-forge/noarch/tzdata-2021b-he74cb21_0.tar.bz2#f8e703a9ca9cb73ffc3f9d81ae2f3a02
https://conda.anaconda.org/conda-forge/linux-64/libgomp-11.2.0-h1d223b6_9.tar.bz2#1090e28709184ec3d2f6ad6abd55fa31
https://conda.anaconda.org/conda-forge/linux-64/_openmp_mutex-4.5-1_gnu.tar.bz2#561e277319a41d4f24f5c05a9ef63c04
https://conda.anaconda.org/conda-forge/linux-64/libgcc-ng-11.2.0-h1d223b6_9.tar.bz2#84b1ec6f5b2d21968add479348515bba
https://conda.anaconda.org/conda-forge/linux-64/libffi-3.4.2-h9c3ff4c_4.tar.bz2#dea515312db9d4788e52c2edfc657635
https://conda.anaconda.org/conda-forge/linux-64/libzlib-1.2.11-h36c2ea0_1012.tar.bz2#894107990fedace075ce924c6cf84c2b
https://conda.anaconda.org/conda-forge/linux-64/ncurses-6.2-h58526e2_4.tar.bz2#509f2a21c4a09214cd737a480dfd80c9
https://conda.anaconda.org/conda-forge/linux-64/openssl-3.0.0-h7f98852_1.tar.bz2#784c93a4856e2693d2a3ed337e04f2f0
https://conda.anaconda.org/conda-forge/linux-64/xz-5.2.5-h516909a_1.tar.bz2#33f601066901f3e1a85af3522a8113f9
https://conda.anaconda.org/conda-forge/linux-64/readline-8.1-h46c0cb4_0.tar.bz2#5788de3c8d7a7d64ac56c784c4ef48e6
https://conda.anaconda.org/conda-forge/linux-64/zlib-1.2.11-h36c2ea0_1012.tar.bz2#5104659658f5e7fedec2167b70caafb4
https://conda.anaconda.org/conda-forge/linux-64/sqlite-3.36.0-h9cd32fc_2.tar.bz2#3588c2c6cb9f9bcc65b544ab1c715d60
https://conda.anaconda.org/conda-forge/linux-64/tk-8.6.11-h27826a3_1.tar.bz2#84e76fb280e735fec1efd2d21fd9cb27
https://conda.anaconda.org/conda-forge/linux-64/python-3.9.7-hf930737_3_cpython.tar.bz2#e9741ee23c7a0ea9b8968b517b9a8f9a
https://conda.anaconda.org/conda-forge/linux-64/python_abi-3.9-2_cp39.tar.bz2#39adde4247484de2bb4000122fdcf665
https://conda.anaconda.org/conda-forge/noarch/wheel-0.37.0-pyhd8ed1ab_1.tar.bz2#3aa2c3e25dd361b453d010388b9cdff1
https://conda.anaconda.org/conda-forge/linux-64/pathlib-1.0.1-py39hf3d152e_4.tar.bz2#18d552bb2d48378adff848beca798396
https://conda.anaconda.org/conda-forge/linux-64/setuptools-58.0.4-py39hf3d152e_2.tar.bz2#a21e57cb2aed6171a0bb8523f140772a
https://conda.anaconda.org/conda-forge/noarch/pip-21.2.4-pyhd8ed1ab_0.tar.bz2#4104ada314dd5639ea36cc12bce0a2cd
