# Generated by conda-lock.
# platform: linux-aarch64
# input_hash: a91c869d1acb2147589c6df8c9ac65b0e715f1a5360c7f80cc1925cbefd46406
@EXPLICIT
https://conda.anaconda.org/conda-forge/linux-aarch64/ca-certificates-2021.5.30-h4fd8a4c_0.tar.bz2#c4a645310ce12912c3118dd409bca321
https://conda.anaconda.org/conda-forge/linux-aarch64/ld_impl_linux-aarch64-2.36.1-h02ad14f_2.tar.bz2#3ca1a8e406eab04ffc3bfa6e8ac0a724
https://conda.anaconda.org/conda-forge/linux-aarch64/libgomp-11.2.0-hf1cc4e7_9.tar.bz2#e2a6baf255d7c552c9a60df0c303e7e6
https://conda.anaconda.org/conda-forge/linux-aarch64/libstdcxx-ng-11.2.0-h0d0a5bb_9.tar.bz2#d792a3837b359271651fb3502ee8b7d4
https://conda.anaconda.org/conda-forge/noarch/tzdata-2021b-he74cb21_0.tar.bz2#f8e703a9ca9cb73ffc3f9d81ae2f3a02
https://conda.anaconda.org/conda-forge/linux-aarch64/_openmp_mutex-4.5-1_gnu.tar.bz2#d029b13a6c638f91c9db96a991ac56f0
https://conda.anaconda.org/conda-forge/linux-aarch64/libgcc-ng-11.2.0-hf1cc4e7_9.tar.bz2#f5a4f1722ec683d9a68b9465d81c34f5
https://conda.anaconda.org/conda-forge/linux-aarch64/libffi-3.4.2-h3621d8e_4.tar.bz2#29762ae7b5b264b278d321b633804e7d
https://conda.anaconda.org/conda-forge/linux-aarch64/libzlib-1.2.11-hb9de7d4_1012.tar.bz2#cefdff8704bdb2fd015140a8d1f6a626
https://conda.anaconda.org/conda-forge/linux-aarch64/ncurses-6.2-h7fd3ca4_4.tar.bz2#e63890523b6708f64d078f96d3a46375
https://conda.anaconda.org/conda-forge/linux-aarch64/openssl-3.0.0-hf897c2e_1.tar.bz2#1fb90457eb89f5b1153a32c3e2c00ecd
https://conda.anaconda.org/conda-forge/linux-aarch64/xz-5.2.5-h6dd45c4_1.tar.bz2#9da6f161d0f47f8a29fa708cda8deda2
https://conda.anaconda.org/conda-forge/linux-aarch64/readline-8.1-h1a49cc3_0.tar.bz2#ccd3c3e1bde615ec934282f3481a1ede
https://conda.anaconda.org/conda-forge/linux-aarch64/zlib-1.2.11-hb9de7d4_1012.tar.bz2#ea7c69828d6bf1920da261499764072c
https://conda.anaconda.org/conda-forge/linux-aarch64/sqlite-3.36.0-hc164836_2.tar.bz2#da8fe500828cf0587b4cf98fc3d57079
https://conda.anaconda.org/conda-forge/linux-aarch64/tk-8.6.11-hd8af866_1.tar.bz2#cc8cda6010e7f6ba67ed22079781ffe7
https://conda.anaconda.org/conda-forge/linux-aarch64/python-3.9.7-h47f6e27_3_cpython.tar.bz2#89e2fa8b89746c8a89e3773157cfbab6
https://conda.anaconda.org/conda-forge/linux-aarch64/python_abi-3.9-2_cp39.tar.bz2#c74e493d773fa544a312b0904abcfbfb
https://conda.anaconda.org/conda-forge/noarch/wheel-0.37.0-pyhd8ed1ab_1.tar.bz2#3aa2c3e25dd361b453d010388b9cdff1
https://conda.anaconda.org/conda-forge/linux-aarch64/pathlib-1.0.1-py39ha65689a_4.tar.bz2#98ca1048c15683c73fc816ccc5573a9b
https://conda.anaconda.org/conda-forge/linux-aarch64/setuptools-58.0.4-py39ha65689a_2.tar.bz2#2c90bb68e24bbcb995d085d035e3d779
https://conda.anaconda.org/conda-forge/noarch/pip-21.2.4-pyhd8ed1ab_0.tar.bz2#4104ada314dd5639ea36cc12bce0a2cd
