# Generated by conda-lock.
# platform: osx-64
# input_hash: f3b7c9dcfd6f9bb5386fb79f3cacd7c23cf815ded30b3eb33abc3440b07984ec
@EXPLICIT
https://conda.anaconda.org/conda-forge/osx-64/ca-certificates-2021.5.30-h033912b_0.tar.bz2#2377a0c58b5ffe92d70b7bdcd833e8ff
https://conda.anaconda.org/conda-forge/osx-64/libcxx-12.0.1-habf9029_0.tar.bz2#49c188a7f9c7c9ddabafc80cc5625bb7
https://conda.anaconda.org/conda-forge/osx-64/libzlib-1.2.11-h9173be1_1012.tar.bz2#6c14d32f9efe4431b6d6abf469f83b72
https://conda.anaconda.org/conda-forge/osx-64/ncurses-6.2-h2e338ed_4.tar.bz2#9cef1910395d1543527583e73dba30f1
https://conda.anaconda.org/conda-forge/noarch/tzdata-2021b-he74cb21_0.tar.bz2#f8e703a9ca9cb73ffc3f9d81ae2f3a02
https://conda.anaconda.org/conda-forge/osx-64/xz-5.2.5-haf1e3a3_1.tar.bz2#41116deb499e9bc58048c297d6403ce6
https://conda.anaconda.org/conda-forge/osx-64/libffi-3.4.2-he49afe7_4.tar.bz2#48225bf0af2dafda90351a29deb33d13
https://conda.anaconda.org/conda-forge/osx-64/openssl-3.0.0-h0d85af4_1.tar.bz2#1b186e628791ecac2fee27c35f6a3e0a
https://conda.anaconda.org/conda-forge/osx-64/readline-8.1-h05e3726_0.tar.bz2#2832e9b6a7caa7cb192fcda6cfcd8871
https://conda.anaconda.org/conda-forge/osx-64/zlib-1.2.11-h9173be1_1012.tar.bz2#94ca5fc8461c2eeded5491e4da650140
https://conda.anaconda.org/conda-forge/osx-64/sqlite-3.36.0-h23a322b_2.tar.bz2#9683f769193cd3148dc1fbeb59093921
https://conda.anaconda.org/conda-forge/osx-64/tk-8.6.11-h5dbffcc_1.tar.bz2#e35b11155bd70facee39dfdec7368ad0
https://conda.anaconda.org/conda-forge/osx-64/python-3.9.7-h38b4d05_3_cpython.tar.bz2#471a3d09ca47c7174320651e54acc073
https://conda.anaconda.org/conda-forge/osx-64/python_abi-3.9-2_cp39.tar.bz2#262f557ee8ca777fe2190956038024cd
https://conda.anaconda.org/conda-forge/noarch/wheel-0.37.0-pyhd8ed1ab_1.tar.bz2#3aa2c3e25dd361b453d010388b9cdff1
https://conda.anaconda.org/conda-forge/osx-64/pathlib-1.0.1-py39h6e9494a_4.tar.bz2#e4b5bdda67446efb6f0e7a213695a104
https://conda.anaconda.org/conda-forge/osx-64/setuptools-58.0.4-py39h6e9494a_2.tar.bz2#2112d86ac40c3d10793549159a2ece6c
https://conda.anaconda.org/conda-forge/noarch/pip-21.2.4-pyhd8ed1ab_0.tar.bz2#4104ada314dd5639ea36cc12bce0a2cd
